
Microsoft Visual Studio Solution File, Format Version 12.00
# Visual Studio Version 16
VisualStudioVersion = 16.0.32802.440
MinimumVisualStudioVersion = 10.0.40219.1
Project("{FAE04EC0-301F-11D3-BF4B-00C04F79EFBC}") = "ShopRite Inventory", "ShopRite Inventory\ShopRite Inventory.csproj", "{F8D3B4DF-224B-4B60-912E-8AF8AA86D056}"
EndProject
Global
	GlobalSection(SolutionConfigurationPlatforms) = preSolution
		Debug|Any CPU = Debug|Any CPU
		Release|Any CPU = Release|Any CPU
	EndGlobalSection
	GlobalSection(ProjectConfigurationPlatforms) = postSolution
		{F8D3B4DF-224B-4B60-912E-8AF8AA86D056}.Debug|Any CPU.ActiveCfg = Debug|Any CPU
		{F8D3B4DF-224B-4B60-912E-8AF8AA86D056}.Debug|Any CPU.Build.0 = Debug|Any CPU
		{F8D3B4DF-224B-4B60-912E-8AF8AA86D056}.Release|Any CPU.ActiveCfg = Release|Any CPU
		{F8D3B4DF-224B-4B60-912E-8AF8AA86D056}.Release|Any CPU.Build.0 = Release|Any CPU
	EndGlobalSection
	GlobalSection(SolutionProperties) = preSolution
		HideSolutionNode = FALSE
	EndGlobalSection
	GlobalSection(ExtensibilityGlobals) = postSolution
		SolutionGuid = {CEAF3D97-7CDC-40D4-A6C7-9C7B4DE51FDF}
	EndGlobalSection
EndGlobal
